// !$*UTF8*$!
{
	archiveVersion = 1;
	classes = {
	};
	objectVersion = 77;
	objects = {

/* Begin PBXBuildFile section */
		0B548A0C47BD3B6B380ED8BB /* WhoWouldWinApp.swift in Sources */ = {isa = PBXBuildFile; fileRef = 013FB097FCB0AB14AFB57840 /* WhoWouldWinApp.swift */; };
		0C08355DAF4BF866D5F34278 /* AnimalCard.swift in Sources */ = {isa = PBXBuildFile; fileRef = BDE33675DC9B9DD8513EA5BF /* AnimalCard.swift */; };
		RPC1A2B3C4D5E6F700000001 /* RandomPickCard.swift in Sources */ = {isa = PBXBuildFile; fileRef = RPC1A2B3C4D5E6F700000002 /* RandomPickCard.swift */; };
		A1A1A1A1A1A1A1A1A1A1A1A1 /* AnimalAvatar.swift in Sources */ = {isa = PBXBuildFile; fileRef = A2A2A2A2A2A2A2A2A2A2A2A2 /* AnimalAvatar.swift */; };
		107F5D9ED40C6443E879FAEB /* AnimalImageService.swift in Sources */ = {isa = PBXBuildFile; fileRef = DE89C6FF8D68CFEAA6A138D6 /* AnimalImageService.swift */; };
		126E4F9135227B7E6C1A131E /* TournamentManager.swift in Sources */ = {isa = PBXBuildFile; fileRef = 69A03CB430EB9AA931B6ADD1 /* TournamentManager.swift */; };
		13C57AA65EFBBA00384FB41B /* PrehistoricUnlockSheet.swift in Sources */ = {isa = PBXBuildFile; fileRef = 59006887E021231D51F145B0 /* PrehistoricUnlockSheet.swift */; };
		13EA8016E37FEA1EC1266B82 /* GoogleMobileAds in Frameworks */ = {isa = PBXBuildFile; productRef = 7DB517E7E72F13A561F96A1C /* GoogleMobileAds */; };
		149CE35F92F84E2D610F742C /* WhoWouldWinUITests.swift in Sources */ = {isa = PBXBuildFile; fileRef = 4A215AAB713FEBF59D462E77 /* WhoWouldWinUITests.swift */; };
		17E09689D108AEE1B2F27946 /* AnimalSprite.swift in Sources */ = {isa = PBXBuildFile; fileRef = 727F12B4BB51C3136BFC10E5 /* AnimalSprite.swift */; };
		1916C87E1763515FF5E7482E /* HapticsService.swift in Sources */ = {isa = PBXBuildFile; fileRef = EFFDF765AD1C372F35A062B2 /* HapticsService.swift */; };
		202A81999D767D7ADA92A443 /* PreBattleSheet.swift in Sources */ = {isa = PBXBuildFile; fileRef = B83ED06E5A856E36E04C396A /* PreBattleSheet.swift */; };
		383B48E15780EBB442879E62 /* AnimalPickerViewModel.swift in Sources */ = {isa = PBXBuildFile; fileRef = CA55931F58BC53049F17E6A2 /* AnimalPickerViewModel.swift */; };
		3BDE7BAFD4DDFD88A3726E62 /* CoinBadge.swift in Sources */ = {isa = PBXBuildFile; fileRef = 82FA69876315EBFFA80A7AD8 /* CoinBadge.swift */; };
		406F5AC5F64DCAA7CDA6FCA9 /* BattleServiceTests.swift in Sources */ = {isa = PBXBuildFile; fileRef = 150517DC8B8F3841C1A22A4C /* BattleServiceTests.swift */; };
		42CDB17EA06B6D1887269773 /* ContentFilter.swift in Sources */ = {isa = PBXBuildFile; fileRef = 42991A528365DDEB5B9F2127 /* ContentFilter.swift */; };
		4609C5F1947564E8BEDC304A /* HomeView.swift in Sources */ = {isa = PBXBuildFile; fileRef = 422F2CC30FBDD07C7B43C58C /* HomeView.swift */; };
		480C101C872F8567260B0F12 /* TournamentSetupView.swift in Sources */ = {isa = PBXBuildFile; fileRef = E83EBC8040743F887CB7F313 /* TournamentSetupView.swift */; };
		4B1946B4516927DADEBD215A /* BattleEnvironment.swift in Sources */ = {isa = PBXBuildFile; fileRef = F4C08C75AAC24F278F4DDE22 /* BattleEnvironment.swift */; };
		58495675699DC6EA264D4C42 /* BattleShareCard.swift in Sources */ = {isa = PBXBuildFile; fileRef = F13D75F07E14359CDA1DE2E4 /* BattleShareCard.swift */; };
		B3B3B3B3B3B3B3B3B3B3B3B3 /* TournamentShareCard.swift in Sources */ = {isa = PBXBuildFile; fileRef = B4B4B4B4B4B4B4B4B4B4B4B4 /* TournamentShareCard.swift */; };
		5BD3076127E9A393550F0EA8 /* AnimalPickerView.swift in Sources */ = {isa = PBXBuildFile; fileRef = CB4E7451B2F76F5C039E2A0C /* AnimalPickerView.swift */; };
		5BDA6A982DEEB742246FC676 /* LilitaOne-Regular.ttf in Resources */ = {isa = PBXBuildFile; fileRef = 845943609E6DB184DC20E801 /* LilitaOne-Regular.ttf */; };
		5D5EC3140BEEE4E350A366B5 /* Theme.swift in Sources */ = {isa = PBXBuildFile; fileRef = 06B0DB01FF4CB9EB1BC1D6FA /* Theme.swift */; };
		5F8FF2B4A10DCF0FD24E0CDA /* RoundWagerView.swift in Sources */ = {isa = PBXBuildFile; fileRef = 33AC600B464C765BB2B12D4B /* RoundWagerView.swift */; };
		639E6B854CA6C211629FA95A /* PixelText.swift in Sources */ = {isa = PBXBuildFile; fileRef = 9016C111757C577E50A5FCE4 /* PixelText.swift */; };
		6BCF375579433C9479F179D2 /* Tournament.swift in Sources */ = {isa = PBXBuildFile; fileRef = 7DF9E58829492F9ACE83B4ED /* Tournament.swift */; };
		6D2867F023C324B2E004BE24 /* Animal.swift in Sources */ = {isa = PBXBuildFile; fileRef = 65B83C1530265841A56DCF66 /* Animal.swift */; };
		717DBB0EC27751EF30F67CCB /* Animals.swift in Sources */ = {isa = PBXBuildFile; fileRef = 27601EC62A522F7ECDAE7046 /* Animals.swift */; };
		780441D16B9A4FD957141A46 /* Bungee-Regular.ttf in Resources */ = {isa = PBXBuildFile; fileRef = 6A1EE6F9DB7A5A82C2598134 /* Bungee-Regular.ttf */; };
		7859EE209E578FD87E77FE0F /* CoinUnlockSection.swift in Sources */ = {isa = PBXBuildFile; fileRef = FB14F73A81169F0B7FA5EF11 /* CoinUnlockSection.swift */; };
		7B38476EC95BF4D9CBF945D4 /* AdManager.swift in Sources */ = {isa = PBXBuildFile; fileRef = E56E2E94779F2685EB24B191 /* AdManager.swift */; };
		7E43FD934E5377A15648A3D9 /* BracketPreviewView.swift in Sources */ = {isa = PBXBuildFile; fileRef = BC1C2AE423ACF8EF3FE4DC17 /* BracketPreviewView.swift */; };
		7F0D1F38F4E65D9A4B7AAFEA /* GrandChampionWagerView.swift in Sources */ = {isa = PBXBuildFile; fileRef = E969E34F77F5E2C2A5C53CDA /* GrandChampionWagerView.swift */; };
		7F4D2E0C1BA4F829D4EB1D3D /* Assets.xcassets in Resources */ = {isa = PBXBuildFile; fileRef = A3FFFFF498728549FDD8222D /* Assets.xcassets */; };
		84E3F6545561E882A9C62C22 /* PixelExplosion.swift in Sources */ = {isa = PBXBuildFile; fileRef = 62248CF5F064BAEC86EE95FE /* PixelExplosion.swift */; };
		90CA5DFD07841367DB32FC06 /* StoreKitManager.swift in Sources */ = {isa = PBXBuildFile; fileRef = 30AE66C4770C723948F9A5C4 /* StoreKitManager.swift */; };
		90E7E40B1C03ED943919F4FC /* MythicUnlockSheet.swift in Sources */ = {isa = PBXBuildFile; fileRef = E4FCB1326DC3E8C69D59D9EC /* MythicUnlockSheet.swift */; };
		9109A6D3C17607655C57D021 /* GoogleUserMessagingPlatform in Frameworks */ = {isa = PBXBuildFile; productRef = 1A53CEEC5B7F0CAA8B2352F6 /* GoogleUserMessagingPlatform */; };
		9905CC30B87E18819B1D1B65 /* BattleView.swift in Sources */ = {isa = PBXBuildFile; fileRef = 9F2061C501F2AEA84BC21963 /* BattleView.swift */; };
		9C55C25CB11F55F24396558A /* TournamentRootView.swift in Sources */ = {isa = PBXBuildFile; fileRef = 9A1FBF5F2C5203BDB333825A /* TournamentRootView.swift */; };
		A157F1511EACCFC605472651 /* TournamentBracketDiagram.swift in Sources */ = {isa = PBXBuildFile; fileRef = 9C81B7F34E89779DD29FD916 /* TournamentBracketDiagram.swift */; };
		A188D7D0FF61B755EB83040C /* TournamentCreaturePickerView.swift in Sources */ = {isa = PBXBuildFile; fileRef = 84BE95AF487D6BD4DCDB87E7 /* TournamentCreaturePickerView.swift */; };
		A546FA4E8924B2E52C7C8AFB /* CheatState.swift in Sources */ = {isa = PBXBuildFile; fileRef = A4C2FC23BA4D81F4A58A1051 /* CheatState.swift */; };
		A97D7AB618B1BD8D20050E37 /* TournamentCompleteView.swift in Sources */ = {isa = PBXBuildFile; fileRef = C870A52CDE33E9820E0472E9 /* TournamentCompleteView.swift */; };
		ACC41267360350B97A1A24BF /* BattleScene.swift in Sources */ = {isa = PBXBuildFile; fileRef = 0A02A9DBFDE39DD5CA1D3C82 /* BattleScene.swift */; };
		BBD6EA9C1130BE0F2CA495B4 /* BattleViewModel.swift in Sources */ = {isa = PBXBuildFile; fileRef = AEAED077984C4F478AE2DAA6 /* BattleViewModel.swift */; };
		C3415902943C7266751D929C /* BattleService.swift in Sources */ = {isa = PBXBuildFile; fileRef = C4FAF6483F088BCCF3209900 /* BattleService.swift */; };
		CC0D80C996C7BACF9AD59233 /* RoundResultsView.swift in Sources */ = {isa = PBXBuildFile; fileRef = 9ABEBA410BFBFEFD22A4D280 /* RoundResultsView.swift */; };
		D17BEB9DFA2C3A2281789C43 /* PressStart2P-Regular.ttf in Resources */ = {isa = PBXBuildFile; fileRef = BA8AA9999D7727D2E9E33E1C /* PressStart2P-Regular.ttf */; };
		D212B446A34306543F1E2E6E /* AudioManager.swift in Sources */ = {isa = PBXBuildFile; fileRef = 200A43EC7701E932D8E8B0CE /* AudioManager.swift */; };
		D6B53D1CF86AE200A36FE295 /* SettingsView.swift in Sources */ = {isa = PBXBuildFile; fileRef = 12EA53AC6AECCFB1B5452AB5 /* SettingsView.swift */; };
		D85EB650D06A2AF6862941E9 /* AppConfig.swift in Sources */ = {isa = PBXBuildFile; fileRef = 77BDC18C0E579266056B7F5F /* AppConfig.swift */; };
		E2523475AD472DC6CA4E511F /* BattleResult.swift in Sources */ = {isa = PBXBuildFile; fileRef = AD8E8B415F4B58E4814DD2B7 /* BattleResult.swift */; };
		EA7138C345A9935AE3882673 /* FantasyUnlockSheet.swift in Sources */ = {isa = PBXBuildFile; fileRef = 325CCE6C8E0130871634B371 /* FantasyUnlockSheet.swift */; };
		EA95C751576218056BE6231F /* SpeechService.swift in Sources */ = {isa = PBXBuildFile; fileRef = 8DBB096815225FA7E94B3928 /* SpeechService.swift */; };
		ECCC2E1DC26179A0BE2F48A7 /* OlympusUnlockSheet.swift in Sources */ = {isa = PBXBuildFile; fileRef = 32CF99CBC5B18F0DC78289F8 /* OlympusUnlockSheet.swift */; };
		ED775EABD3A7C4E546964E07 /* CoinStore.swift in Sources */ = {isa = PBXBuildFile; fileRef = C7D54F0635127B3ED49AA272 /* CoinStore.swift */; };
		F27C3D38A86DC144F1049B53 /* RetroButton.swift in Sources */ = {isa = PBXBuildFile; fileRef = 6FDCCDD0731E27BD7FC70E9C /* RetroButton.swift */; };
		F35774044862272377169A71 /* PrivacyInfo.xcprivacy in Resources */ = {isa = PBXBuildFile; fileRef = E136E29981193ED5B75B796F /* PrivacyInfo.xcprivacy */; };
		F55A489BAA2D52C57D921D97 /* UserSettings.swift in Sources */ = {isa = PBXBuildFile; fileRef = A639D610D59DB4AC55367070 /* UserSettings.swift */; };
		AA1111111111111111111111 /* AchievementTracker.swift in Sources */ = {isa = PBXBuildFile; fileRef = AA2222222222222222222222 /* AchievementTracker.swift */; };
		BB1111111111111111111111 /* CloudSyncService.swift in Sources */ = {isa = PBXBuildFile; fileRef = BB2222222222222222222222 /* CloudSyncService.swift */; };
		CC1111111111111111111111 /* GameCenterManager.swift in Sources */ = {isa = PBXBuildFile; fileRef = CC2222222222222222222222 /* GameCenterManager.swift */; };
/* End PBXBuildFile section */

/* Begin PBXContainerItemProxy section */
		741F3AF7840769943EE0F9C0 /* PBXContainerItemProxy */ = {
			isa = PBXContainerItemProxy;
			containerPortal = F3453C55BE1162060D93DF4F /* Project object */;
			proxyType = 1;
			remoteGlobalIDString = 6BF8807AF12B88D17BFD60ED;
			remoteInfo = WhoWouldWin;
		};
		8F2ECD862E778BE9617FF8E4 /* PBXContainerItemProxy */ = {
			isa = PBXContainerItemProxy;
			containerPortal = F3453C55BE1162060D93DF4F /* Project object */;
			proxyType = 1;
			remoteGlobalIDString = 6BF8807AF12B88D17BFD60ED;
			remoteInfo = WhoWouldWin;
		};
/* End PBXContainerItemProxy section */

/* Begin PBXFileReference section */
		013FB097FCB0AB14AFB57840 /* WhoWouldWinApp.swift */ = {isa = PBXFileReference; lastKnownFileType = sourcecode.swift; path = WhoWouldWinApp.swift; sourceTree = "<group>"; };
		06B0DB01FF4CB9EB1BC1D6FA /* Theme.swift */ = {isa = PBXFileReference; lastKnownFileType = sourcecode.swift; path = Theme.swift; sourceTree = "<group>"; };
		0A02A9DBFDE39DD5CA1D3C82 /* BattleScene.swift */ = {isa = PBXFileReference; lastKnownFileType = sourcecode.swift; path = BattleScene.swift; sourceTree = "<group>"; };
		12EA53AC6AECCFB1B5452AB5 /* SettingsView.swift */ = {isa = PBXFileReference; lastKnownFileType = sourcecode.swift; path = SettingsView.swift; sourceTree = "<group>"; };
		150517DC8B8F3841C1A22A4C /* BattleServiceTests.swift */ = {isa = PBXFileReference; lastKnownFileType = sourcecode.swift; path = BattleServiceTests.swift; sourceTree = "<group>"; };
		200A43EC7701E932D8E8B0CE /* AudioManager.swift */ = {isa = PBXFileReference; lastKnownFileType = sourcecode.swift; path = AudioManager.swift; sourceTree = "<group>"; };
		2013964C0C4484C38D998055 /* Info.plist */ = {isa = PBXFileReference; lastKnownFileType = text.plist; path = Info.plist; sourceTree = "<group>"; };
		27601EC62A522F7ECDAE7046 /* Animals.swift */ = {isa = PBXFileReference; lastKnownFileType = sourcecode.swift; path = Animals.swift; sourceTree = "<group>"; };
		2E6454CBB2CA3A1EC8C8A16D /* WhoWouldWinUITests.xctest */ = {isa = PBXFileReference; includeInIndex = 0; lastKnownFileType = wrapper.cfbundle; path = WhoWouldWinUITests.xctest; sourceTree = BUILT_PRODUCTS_DIR; };
		30AE66C4770C723948F9A5C4 /* StoreKitManager.swift */ = {isa = PBXFileReference; lastKnownFileType = sourcecode.swift; path = StoreKitManager.swift; sourceTree = "<group>"; };
		325CCE6C8E0130871634B371 /* FantasyUnlockSheet.swift */ = {isa = PBXFileReference; lastKnownFileType = sourcecode.swift; path = FantasyUnlockSheet.swift; sourceTree = "<group>"; };
		32CF99CBC5B18F0DC78289F8 /* OlympusUnlockSheet.swift */ = {isa = PBXFileReference; lastKnownFileType = sourcecode.swift; path = OlympusUnlockSheet.swift; sourceTree = "<group>"; };
		33AC600B464C765BB2B12D4B /* RoundWagerView.swift */ = {isa = PBXFileReference; lastKnownFileType = sourcecode.swift; path = RoundWagerView.swift; sourceTree = "<group>"; };
		422F2CC30FBDD07C7B43C58C /* HomeView.swift */ = {isa = PBXFileReference; lastKnownFileType = sourcecode.swift; path = HomeView.swift; sourceTree = "<group>"; };
		42991A528365DDEB5B9F2127 /* ContentFilter.swift */ = {isa = PBXFileReference; lastKnownFileType = sourcecode.swift; path = ContentFilter.swift; sourceTree = "<group>"; };
		4A215AAB713FEBF59D462E77 /* WhoWouldWinUITests.swift */ = {isa = PBXFileReference; lastKnownFileType = sourcecode.swift; path = WhoWouldWinUITests.swift; sourceTree = "<group>"; };
		59006887E021231D51F145B0 /* PrehistoricUnlockSheet.swift */ = {isa = PBXFileReference; lastKnownFileType = sourcecode.swift; path = PrehistoricUnlockSheet.swift; sourceTree = "<group>"; };
		62248CF5F064BAEC86EE95FE /* PixelExplosion.swift */ = {isa = PBXFileReference; lastKnownFileType = sourcecode.swift; path = PixelExplosion.swift; sourceTree = "<group>"; };
		649295F279B537F7780244F3 /* WhoWouldWinTests.xctest */ = {isa = PBXFileReference; includeInIndex = 0; lastKnownFileType = wrapper.cfbundle; path = WhoWouldWinTests.xctest; sourceTree = BUILT_PRODUCTS_DIR; };
		65B83C1530265841A56DCF66 /* Animal.swift */ = {isa = PBXFileReference; lastKnownFileType = sourcecode.swift; path = Animal.swift; sourceTree = "<group>"; };
		69A03CB430EB9AA931B6ADD1 /* TournamentManager.swift */ = {isa = PBXFileReference; lastKnownFileType = sourcecode.swift; path = TournamentManager.swift; sourceTree = "<group>"; };
		6A1EE6F9DB7A5A82C2598134 /* Bungee-Regular.ttf */ = {isa = PBXFileReference; lastKnownFileType = file; path = "Bungee-Regular.ttf"; sourceTree = "<group>"; };
		6FDCCDD0731E27BD7FC70E9C /* RetroButton.swift */ = {isa = PBXFileReference; lastKnownFileType = sourcecode.swift; path = RetroButton.swift; sourceTree = "<group>"; };
		727F12B4BB51C3136BFC10E5 /* AnimalSprite.swift */ = {isa = PBXFileReference; lastKnownFileType = sourcecode.swift; path = AnimalSprite.swift; sourceTree = "<group>"; };
		77BDC18C0E579266056B7F5F /* AppConfig.swift */ = {isa = PBXFileReference; lastKnownFileType = sourcecode.swift; path = AppConfig.swift; sourceTree = "<group>"; };
		7DF9E58829492F9ACE83B4ED /* Tournament.swift */ = {isa = PBXFileReference; lastKnownFileType = sourcecode.swift; path = Tournament.swift; sourceTree = "<group>"; };
		82FA69876315EBFFA80A7AD8 /* CoinBadge.swift */ = {isa = PBXFileReference; lastKnownFileType = sourcecode.swift; path = CoinBadge.swift; sourceTree = "<group>"; };
		845943609E6DB184DC20E801 /* LilitaOne-Regular.ttf */ = {isa = PBXFileReference; lastKnownFileType = file; path = "LilitaOne-Regular.ttf"; sourceTree = "<group>"; };
		84BE95AF487D6BD4DCDB87E7 /* TournamentCreaturePickerView.swift */ = {isa = PBXFileReference; lastKnownFileType = sourcecode.swift; path = TournamentCreaturePickerView.swift; sourceTree = "<group>"; };
		8DBB096815225FA7E94B3928 /* SpeechService.swift */ = {isa = PBXFileReference; lastKnownFileType = sourcecode.swift; path = SpeechService.swift; sourceTree = "<group>"; };
		9016C111757C577E50A5FCE4 /* PixelText.swift */ = {isa = PBXFileReference; lastKnownFileType = sourcecode.swift; path = PixelText.swift; sourceTree = "<group>"; };
		9A1FBF5F2C5203BDB333825A /* TournamentRootView.swift */ = {isa = PBXFileReference; lastKnownFileType = sourcecode.swift; path = TournamentRootView.swift; sourceTree = "<group>"; };
		9ABEBA410BFBFEFD22A4D280 /* RoundResultsView.swift */ = {isa = PBXFileReference; lastKnownFileType = sourcecode.swift; path = RoundResultsView.swift; sourceTree = "<group>"; };
		9C81B7F34E89779DD29FD916 /* TournamentBracketDiagram.swift */ = {isa = PBXFileReference; lastKnownFileType = sourcecode.swift; path = TournamentBracketDiagram.swift; sourceTree = "<group>"; };
		9F2061C501F2AEA84BC21963 /* BattleView.swift */ = {isa = PBXFileReference; lastKnownFileType = sourcecode.swift; path = BattleView.swift; sourceTree = "<group>"; };
		A3FFFFF498728549FDD8222D /* Assets.xcassets */ = {isa = PBXFileReference; lastKnownFileType = folder.assetcatalog; path = Assets.xcassets; sourceTree = "<group>"; };
		A4C2FC23BA4D81F4A58A1051 /* CheatState.swift */ = {isa = PBXFileReference; lastKnownFileType = sourcecode.swift; path = CheatState.swift; sourceTree = "<group>"; };
		A639D610D59DB4AC55367070 /* UserSettings.swift */ = {isa = PBXFileReference; lastKnownFileType = sourcecode.swift; path = UserSettings.swift; sourceTree = "<group>"; };
		AD8E8B415F4B58E4814DD2B7 /* BattleResult.swift */ = {isa = PBXFileReference; lastKnownFileType = sourcecode.swift; path = BattleResult.swift; sourceTree = "<group>"; };
		AEAED077984C4F478AE2DAA6 /* BattleViewModel.swift */ = {isa = PBXFileReference; lastKnownFileType = sourcecode.swift; path = BattleViewModel.swift; sourceTree = "<group>"; };
		AF2A5D4689CE4A19BAC3B607 /* WhoWouldWin.entitlements */ = {isa = PBXFileReference; lastKnownFileType = text.plist.entitlements; path = WhoWouldWin.entitlements; sourceTree = "<group>"; };
		B83ED06E5A856E36E04C396A /* PreBattleSheet.swift */ = {isa = PBXFileReference; lastKnownFileType = sourcecode.swift; path = PreBattleSheet.swift; sourceTree = "<group>"; };
		BA8AA9999D7727D2E9E33E1C /* PressStart2P-Regular.ttf */ = {isa = PBXFileReference; lastKnownFileType = file; path = "PressStart2P-Regular.ttf"; sourceTree = "<group>"; };
		BC1C2AE423ACF8EF3FE4DC17 /* BracketPreviewView.swift */ = {isa = PBXFileReference; lastKnownFileType = sourcecode.swift; path = BracketPreviewView.swift; sourceTree = "<group>"; };
		BDE33675DC9B9DD8513EA5BF /* AnimalCard.swift */ = {isa = PBXFileReference; lastKnownFileType = sourcecode.swift; path = AnimalCard.swift; sourceTree = "<group>"; };
		RPC1A2B3C4D5E6F700000002 /* RandomPickCard.swift */ = {isa = PBXFileReference; lastKnownFileType = sourcecode.swift; path = RandomPickCard.swift; sourceTree = "<group>"; };
		A2A2A2A2A2A2A2A2A2A2A2A2 /* AnimalAvatar.swift */ = {isa = PBXFileReference; lastKnownFileType = sourcecode.swift; path = AnimalAvatar.swift; sourceTree = "<group>"; };
		C4FAF6483F088BCCF3209900 /* BattleService.swift */ = {isa = PBXFileReference; lastKnownFileType = sourcecode.swift; path = BattleService.swift; sourceTree = "<group>"; };
		C7D54F0635127B3ED49AA272 /* CoinStore.swift */ = {isa = PBXFileReference; lastKnownFileType = sourcecode.swift; path = CoinStore.swift; sourceTree = "<group>"; };
		C870A52CDE33E9820E0472E9 /* TournamentCompleteView.swift */ = {isa = PBXFileReference; lastKnownFileType = sourcecode.swift; path = TournamentCompleteView.swift; sourceTree = "<group>"; };
		CA55931F58BC53049F17E6A2 /* AnimalPickerViewModel.swift */ = {isa = PBXFileReference; lastKnownFileType = sourcecode.swift; path = AnimalPickerViewModel.swift; sourceTree = "<group>"; };
		CAAF8C94E94E4ECA5D745672 /* WhoWouldWin.app */ = {isa = PBXFileReference; includeInIndex = 0; lastKnownFileType = wrapper.application; path = WhoWouldWin.app; sourceTree = BUILT_PRODUCTS_DIR; };
		CB4E7451B2F76F5C039E2A0C /* AnimalPickerView.swift */ = {isa = PBXFileReference; lastKnownFileType = sourcecode.swift; path = AnimalPickerView.swift; sourceTree = "<group>"; };
		DE89C6FF8D68CFEAA6A138D6 /* AnimalImageService.swift */ = {isa = PBXFileReference; lastKnownFileType = sourcecode.swift; path = AnimalImageService.swift; sourceTree = "<group>"; };
		E136E29981193ED5B75B796F /* PrivacyInfo.xcprivacy */ = {isa = PBXFileReference; path = PrivacyInfo.xcprivacy; sourceTree = "<group>"; };
		E4FCB1326DC3E8C69D59D9EC /* MythicUnlockSheet.swift */ = {isa = PBXFileReference; lastKnownFileType = sourcecode.swift; path = MythicUnlockSheet.swift; sourceTree = "<group>"; };
		E56E2E94779F2685EB24B191 /* AdManager.swift */ = {isa = PBXFileReference; lastKnownFileType = sourcecode.swift; path = AdManager.swift; sourceTree = "<group>"; };
		E83EBC8040743F887CB7F313 /* TournamentSetupView.swift */ = {isa = PBXFileReference; lastKnownFileType = sourcecode.swift; path = TournamentSetupView.swift; sourceTree = "<group>"; };
		E969E34F77F5E2C2A5C53CDA /* GrandChampionWagerView.swift */ = {isa = PBXFileReference; lastKnownFileType = sourcecode.swift; path = GrandChampionWagerView.swift; sourceTree = "<group>"; };
		EFFDF765AD1C372F35A062B2 /* HapticsService.swift */ = {isa = PBXFileReference; lastKnownFileType = sourcecode.swift; path = HapticsService.swift; sourceTree = "<group>"; };
		F13D75F07E14359CDA1DE2E4 /* BattleShareCard.swift */ = {isa = PBXFileReference; lastKnownFileType = sourcecode.swift; path = BattleShareCard.swift; sourceTree = "<group>"; };
		B4B4B4B4B4B4B4B4B4B4B4B4 /* TournamentShareCard.swift */ = {isa = PBXFileReference; lastKnownFileType = sourcecode.swift; path = TournamentShareCard.swift; sourceTree = "<group>"; };
		F4C08C75AAC24F278F4DDE22 /* BattleEnvironment.swift */ = {isa = PBXFileReference; lastKnownFileType = sourcecode.swift; path = BattleEnvironment.swift; sourceTree = "<group>"; };
		FB14F73A81169F0B7FA5EF11 /* CoinUnlockSection.swift */ = {isa = PBXFileReference; lastKnownFileType = sourcecode.swift; path = CoinUnlockSection.swift; sourceTree = "<group>"; };
		AA2222222222222222222222 /* AchievementTracker.swift */ = {isa = PBXFileReference; lastKnownFileType = sourcecode.swift; path = AchievementTracker.swift; sourceTree = "<group>"; };
		BB2222222222222222222222 /* CloudSyncService.swift */ = {isa = PBXFileReference; lastKnownFileType = sourcecode.swift; path = CloudSyncService.swift; sourceTree = "<group>"; };
		CC2222222222222222222222 /* GameCenterManager.swift */ = {isa = PBXFileReference; lastKnownFileType = sourcecode.swift; path = GameCenterManager.swift; sourceTree = "<group>"; };
/* End PBXFileReference section */

/* Begin PBXFrameworksBuildPhase section */
		876213E71FE9DE3505713CD5 /* Frameworks */ = {
			isa = PBXFrameworksBuildPhase;
			buildActionMask = 2147483647;
			files = (
				13EA8016E37FEA1EC1266B82 /* GoogleMobileAds in Frameworks */,
				9109A6D3C17607655C57D021 /* GoogleUserMessagingPlatform in Frameworks */,
			);
			runOnlyForDeploymentPostprocessing = 0;
		};
/* End PBXFrameworksBuildPhase section */

/* Begin PBXGroup section */
		231711294077795776DBCA08 /* Views */ = {
			isa = PBXGroup;
			children = (
				CB4E7451B2F76F5C039E2A0C /* AnimalPickerView.swift */,
				F13D75F07E14359CDA1DE2E4 /* BattleShareCard.swift */,
				B4B4B4B4B4B4B4B4B4B4B4B4 /* TournamentShareCard.swift */,
				9F2061C501F2AEA84BC21963 /* BattleView.swift */,
				325CCE6C8E0130871634B371 /* FantasyUnlockSheet.swift */,
				422F2CC30FBDD07C7B43C58C /* HomeView.swift */,
				E4FCB1326DC3E8C69D59D9EC /* MythicUnlockSheet.swift */,
				32CF99CBC5B18F0DC78289F8 /* OlympusUnlockSheet.swift */,
				B83ED06E5A856E36E04C396A /* PreBattleSheet.swift */,
				59006887E021231D51F145B0 /* PrehistoricUnlockSheet.swift */,
				12EA53AC6AECCFB1B5452AB5 /* SettingsView.swift */,
				37376401B5CBA6B10C35DE91 /* Components */,
				57E7A0D6D3DCC509C0A55FA4 /* Tournament */,
			);
			path = Views;
			sourceTree = "<group>";
		};
		232F38CF4A0739DB8CFC81F6 /* WhoWouldWinTests */ = {
			isa = PBXGroup;
			children = (
				150517DC8B8F3841C1A22A4C /* BattleServiceTests.swift */,
			);
			path = WhoWouldWinTests;
			sourceTree = "<group>";
		};
		37376401B5CBA6B10C35DE91 /* Components */ = {
			isa = PBXGroup;
			children = (
				A2A2A2A2A2A2A2A2A2A2A2A2 /* AnimalAvatar.swift */,
				BDE33675DC9B9DD8513EA5BF /* AnimalCard.swift */,
				RPC1A2B3C4D5E6F700000002 /* RandomPickCard.swift */,
				82FA69876315EBFFA80A7AD8 /* CoinBadge.swift */,
				FB14F73A81169F0B7FA5EF11 /* CoinUnlockSection.swift */,
				9016C111757C577E50A5FCE4 /* PixelText.swift */,
				6FDCCDD0731E27BD7FC70E9C /* RetroButton.swift */,
				06B0DB01FF4CB9EB1BC1D6FA /* Theme.swift */,
			);
			path = Components;
			sourceTree = "<group>";
		};
		4705A831ACDD08FDFC0CBFA9 /* Data */ = {
			isa = PBXGroup;
			children = (
				27601EC62A522F7ECDAE7046 /* Animals.swift */,
			);
			path = Data;
			sourceTree = "<group>";
		};
		57E7A0D6D3DCC509C0A55FA4 /* Tournament */ = {
			isa = PBXGroup;
			children = (
				BC1C2AE423ACF8EF3FE4DC17 /* BracketPreviewView.swift */,
				E969E34F77F5E2C2A5C53CDA /* GrandChampionWagerView.swift */,
				9ABEBA410BFBFEFD22A4D280 /* RoundResultsView.swift */,
				33AC600B464C765BB2B12D4B /* RoundWagerView.swift */,
				9C81B7F34E89779DD29FD916 /* TournamentBracketDiagram.swift */,
				C870A52CDE33E9820E0472E9 /* TournamentCompleteView.swift */,
				84BE95AF487D6BD4DCDB87E7 /* TournamentCreaturePickerView.swift */,
				9A1FBF5F2C5203BDB333825A /* TournamentRootView.swift */,
				E83EBC8040743F887CB7F313 /* TournamentSetupView.swift */,
			);
			path = Tournament;
			sourceTree = "<group>";
		};
		692047AA13BF71AED1DFB87C /* WhoWouldWinUITests */ = {
			isa = PBXGroup;
			children = (
				4A215AAB713FEBF59D462E77 /* WhoWouldWinUITests.swift */,
			);
			path = WhoWouldWinUITests;
			sourceTree = "<group>";
		};
		6AE2635BF27FFFEC2BEDE8CA /* Models */ = {
			isa = PBXGroup;
			children = (
				65B83C1530265841A56DCF66 /* Animal.swift */,
				F4C08C75AAC24F278F4DDE22 /* BattleEnvironment.swift */,
				AD8E8B415F4B58E4814DD2B7 /* BattleResult.swift */,
				7DF9E58829492F9ACE83B4ED /* Tournament.swift */,
			);
			path = Models;
			sourceTree = "<group>";
		};
		73D7F296030781C4ADF90895 /* App */ = {
			isa = PBXGroup;
			children = (
				77BDC18C0E579266056B7F5F /* AppConfig.swift */,
				013FB097FCB0AB14AFB57840 /* WhoWouldWinApp.swift */,
			);
			path = App;
			sourceTree = "<group>";
		};
		7A9107AEC985C72ACEF1752A /* ViewModels */ = {
			isa = PBXGroup;
			children = (
				CA55931F58BC53049F17E6A2 /* AnimalPickerViewModel.swift */,
				AEAED077984C4F478AE2DAA6 /* BattleViewModel.swift */,
			);
			path = ViewModels;
			sourceTree = "<group>";
		};
		922C2FE768DE66E097A26968 /* SpriteKit */ = {
			isa = PBXGroup;
			children = (
				727F12B4BB51C3136BFC10E5 /* AnimalSprite.swift */,
				0A02A9DBFDE39DD5CA1D3C82 /* BattleScene.swift */,
				62248CF5F064BAEC86EE95FE /* PixelExplosion.swift */,
			);
			path = SpriteKit;
			sourceTree = "<group>";
		};
		A7395F816BAD6DA0954346CD /* Products */ = {
			isa = PBXGroup;
			children = (
				CAAF8C94E94E4ECA5D745672 /* WhoWouldWin.app */,
				649295F279B537F7780244F3 /* WhoWouldWinTests.xctest */,
				2E6454CBB2CA3A1EC8C8A16D /* WhoWouldWinUITests.xctest */,
			);
			name = Products;
			sourceTree = "<group>";
		};
		B58D566427EDC88E2E69E621 /* Fonts */ = {
			isa = PBXGroup;
			children = (
				6A1EE6F9DB7A5A82C2598134 /* Bungee-Regular.ttf */,
				845943609E6DB184DC20E801 /* LilitaOne-Regular.ttf */,
				BA8AA9999D7727D2E9E33E1C /* PressStart2P-Regular.ttf */,
			);
			path = Fonts;
			sourceTree = "<group>";
		};
		B85C635A2A5645ED7BF3744B /* Audio */ = {
			isa = PBXGroup;
			children = (
				200A43EC7701E932D8E8B0CE /* AudioManager.swift */,
			);
			path = Audio;
			sourceTree = "<group>";
		};
		C97185E236F1C5F2590D231C = {
			isa = PBXGroup;
			children = (
				E05DF139D60981FBA62E000B /* WhoWouldWin */,
				232F38CF4A0739DB8CFC81F6 /* WhoWouldWinTests */,
				692047AA13BF71AED1DFB87C /* WhoWouldWinUITests */,
				A7395F816BAD6DA0954346CD /* Products */,
			);
			sourceTree = "<group>";
		};
		E05DF139D60981FBA62E000B /* WhoWouldWin */ = {
			isa = PBXGroup;
			children = (
				A3FFFFF498728549FDD8222D /* Assets.xcassets */,
				2013964C0C4484C38D998055 /* Info.plist */,
				E136E29981193ED5B75B796F /* PrivacyInfo.xcprivacy */,
				AF2A5D4689CE4A19BAC3B607 /* WhoWouldWin.entitlements */,
				73D7F296030781C4ADF90895 /* App */,
				B85C635A2A5645ED7BF3744B /* Audio */,
				4705A831ACDD08FDFC0CBFA9 /* Data */,
				B58D566427EDC88E2E69E621 /* Fonts */,
				6AE2635BF27FFFEC2BEDE8CA /* Models */,
				E3F49B029C446A296F64B575 /* Services */,
				922C2FE768DE66E097A26968 /* SpriteKit */,
				7A9107AEC985C72ACEF1752A /* ViewModels */,
				231711294077795776DBCA08 /* Views */,
			);
			path = WhoWouldWin;
			sourceTree = "<group>";
		};
		E3F49B029C446A296F64B575 /* Services */ = {
			isa = PBXGroup;
			children = (
				AA2222222222222222222222 /* AchievementTracker.swift */,
				E56E2E94779F2685EB24B191 /* AdManager.swift */,
				DE89C6FF8D68CFEAA6A138D6 /* AnimalImageService.swift */,
				C4FAF6483F088BCCF3209900 /* BattleService.swift */,
				A4C2FC23BA4D81F4A58A1051 /* CheatState.swift */,
				BB2222222222222222222222 /* CloudSyncService.swift */,
				C7D54F0635127B3ED49AA272 /* CoinStore.swift */,
				42991A528365DDEB5B9F2127 /* ContentFilter.swift */,
				CC2222222222222222222222 /* GameCenterManager.swift */,
				EFFDF765AD1C372F35A062B2 /* HapticsService.swift */,
				8DBB096815225FA7E94B3928 /* SpeechService.swift */,
				30AE66C4770C723948F9A5C4 /* StoreKitManager.swift */,
				69A03CB430EB9AA931B6ADD1 /* TournamentManager.swift */,
				A639D610D59DB4AC55367070 /* UserSettings.swift */,
			);
			path = Services;
			sourceTree = "<group>";
		};
/* End PBXGroup section */

/* Begin PBXNativeTarget section */
		09A848707DF59CBB808F4999 /* WhoWouldWinUITests */ = {
			isa = PBXNativeTarget;
			buildConfigurationList = CE04BF7A0E172DDCE1BDE972 /* Build configuration list for PBXNativeTarget "WhoWouldWinUITests" */;
			buildPhases = (
				51CC690E53F36E5D66C3D6BF /* Sources */,
			);
			buildRules = (
			);
			dependencies = (
				3425593759DF7FDF16B82839 /* PBXTargetDependency */,
			);
			name = WhoWouldWinUITests;
			packageProductDependencies = (
			);
			productName = WhoWouldWinUITests;
			productReference = 2E6454CBB2CA3A1EC8C8A16D /* WhoWouldWinUITests.xctest */;
			productType = "com.apple.product-type.bundle.ui-testing";
		};
		6BF8807AF12B88D17BFD60ED /* WhoWouldWin */ = {
			isa = PBXNativeTarget;
			buildConfigurationList = ACAC99AD0843F7CA2210D2A2 /* Build configuration list for PBXNativeTarget "WhoWouldWin" */;
			buildPhases = (
				7DABDE2BA2CE471E657A0321 /* Sources */,
				CA9006900BC0C9D622536F5E /* Resources */,
				876213E71FE9DE3505713CD5 /* Frameworks */,
			);
			buildRules = (
			);
			dependencies = (
			);
			name = WhoWouldWin;
			packageProductDependencies = (
				7DB517E7E72F13A561F96A1C /* GoogleMobileAds */,
				1A53CEEC5B7F0CAA8B2352F6 /* GoogleUserMessagingPlatform */,
			);
			productName = WhoWouldWin;
			productReference = CAAF8C94E94E4ECA5D745672 /* WhoWouldWin.app */;
			productType = "com.apple.product-type.application";
		};
		F94E8F7E91B48CDFAAFF3D26 /* WhoWouldWinTests */ = {
			isa = PBXNativeTarget;
			buildConfigurationList = 9E6BCA526B58CA065EBFC7E4 /* Build configuration list for PBXNativeTarget "WhoWouldWinTests" */;
			buildPhases = (
				64DE66FF50F3E3CDBD4130C4 /* Sources */,
			);
			buildRules = (
			);
			dependencies = (
				9506AD62F4D3FB938A690F4F /* PBXTargetDependency */,
			);
			name = WhoWouldWinTests;
			packageProductDependencies = (
			);
			productName = WhoWouldWinTests;
			productReference = 649295F279B537F7780244F3 /* WhoWouldWinTests.xctest */;
			productType = "com.apple.product-type.bundle.unit-test";
		};
/* End PBXNativeTarget section */

/* Begin PBXProject section */
		F3453C55BE1162060D93DF4F /* Project object */ = {
			isa = PBXProject;
			attributes = {
				BuildIndependentTargetsInParallel = YES;
				LastUpgradeCheck = 1500;
				TargetAttributes = {
					09A848707DF59CBB808F4999 = {
						DevelopmentTeam = 8U69B876XS;
						ProvisioningStyle = Automatic;
						TestTargetID = 6BF8807AF12B88D17BFD60ED;
					};
					6BF8807AF12B88D17BFD60ED = {
						DevelopmentTeam = 8U69B876XS;
						ProvisioningStyle = Automatic;
					};
					F94E8F7E91B48CDFAAFF3D26 = {
						DevelopmentTeam = 8U69B876XS;
						ProvisioningStyle = Automatic;
					};
				};
			};
			buildConfigurationList = 8539CC7EAC8AED82D8D612EC /* Build configuration list for PBXProject "WhoWouldWin" */;
			developmentRegion = en;
			hasScannedForEncodings = 0;
			knownRegions = (
				Base,
				en,
			);
			mainGroup = C97185E236F1C5F2590D231C;
			minimizedProjectReferenceProxies = 1;
			packageReferences = (
				3C95851010CC064012A62DF8 /* XCRemoteSwiftPackageReference "swift-package-manager-google-mobile-ads" */,
				8FC5B1E4BB682B338BD9730F /* XCRemoteSwiftPackageReference "swift-package-manager-google-user-messaging-platform" */,
			);
			preferredProjectObjectVersion = 77;
			productRefGroup = A7395F816BAD6DA0954346CD /* Products */;
			projectDirPath = "";
			projectRoot = "";
			targets = (
				6BF8807AF12B88D17BFD60ED /* WhoWouldWin */,
				F94E8F7E91B48CDFAAFF3D26 /* WhoWouldWinTests */,
				09A848707DF59CBB808F4999 /* WhoWouldWinUITests */,
			);
		};
/* End PBXProject section */

/* Begin PBXResourcesBuildPhase section */
		CA9006900BC0C9D622536F5E /* Resources */ = {
			isa = PBXResourcesBuildPhase;
			buildActionMask = 2147483647;
			files = (
				7F4D2E0C1BA4F829D4EB1D3D /* Assets.xcassets in Resources */,
				780441D16B9A4FD957141A46 /* Bungee-Regular.ttf in Resources */,
				5BDA6A982DEEB742246FC676 /* LilitaOne-Regular.ttf in Resources */,
				D17BEB9DFA2C3A2281789C43 /* PressStart2P-Regular.ttf in Resources */,
				F35774044862272377169A71 /* PrivacyInfo.xcprivacy in Resources */,
			);
			runOnlyForDeploymentPostprocessing = 0;
		};
/* End PBXResourcesBuildPhase section */

/* Begin PBXSourcesBuildPhase section */
		51CC690E53F36E5D66C3D6BF /* Sources */ = {
			isa = PBXSourcesBuildPhase;
			buildActionMask = 2147483647;
			files = (
				149CE35F92F84E2D610F742C /* WhoWouldWinUITests.swift in Sources */,
			);
			runOnlyForDeploymentPostprocessing = 0;
		};
		64DE66FF50F3E3CDBD4130C4 /* Sources */ = {
			isa = PBXSourcesBuildPhase;
			buildActionMask = 2147483647;
			files = (
				406F5AC5F64DCAA7CDA6FCA9 /* BattleServiceTests.swift in Sources */,
			);
			runOnlyForDeploymentPostprocessing = 0;
		};
		7DABDE2BA2CE471E657A0321 /* Sources */ = {
			isa = PBXSourcesBuildPhase;
			buildActionMask = 2147483647;
			files = (
				7B38476EC95BF4D9CBF945D4 /* AdManager.swift in Sources */,
				6D2867F023C324B2E004BE24 /* Animal.swift in Sources */,
				A1A1A1A1A1A1A1A1A1A1A1A1 /* AnimalAvatar.swift in Sources */,
				0C08355DAF4BF866D5F34278 /* AnimalCard.swift in Sources */,
				RPC1A2B3C4D5E6F700000001 /* RandomPickCard.swift in Sources */,
				107F5D9ED40C6443E879FAEB /* AnimalImageService.swift in Sources */,
				5BD3076127E9A393550F0EA8 /* AnimalPickerView.swift in Sources */,
				383B48E15780EBB442879E62 /* AnimalPickerViewModel.swift in Sources */,
				17E09689D108AEE1B2F27946 /* AnimalSprite.swift in Sources */,
				717DBB0EC27751EF30F67CCB /* Animals.swift in Sources */,
				D85EB650D06A2AF6862941E9 /* AppConfig.swift in Sources */,
				D212B446A34306543F1E2E6E /* AudioManager.swift in Sources */,
				4B1946B4516927DADEBD215A /* BattleEnvironment.swift in Sources */,
				E2523475AD472DC6CA4E511F /* BattleResult.swift in Sources */,
				ACC41267360350B97A1A24BF /* BattleScene.swift in Sources */,
				C3415902943C7266751D929C /* BattleService.swift in Sources */,
				58495675699DC6EA264D4C42 /* BattleShareCard.swift in Sources */,
				B3B3B3B3B3B3B3B3B3B3B3B3 /* TournamentShareCard.swift in Sources */,
				9905CC30B87E18819B1D1B65 /* BattleView.swift in Sources */,
				BBD6EA9C1130BE0F2CA495B4 /* BattleViewModel.swift in Sources */,
				7E43FD934E5377A15648A3D9 /* BracketPreviewView.swift in Sources */,
				A546FA4E8924B2E52C7C8AFB /* CheatState.swift in Sources */,
				3BDE7BAFD4DDFD88A3726E62 /* CoinBadge.swift in Sources */,
				ED775EABD3A7C4E546964E07 /* CoinStore.swift in Sources */,
				7859EE209E578FD87E77FE0F /* CoinUnlockSection.swift in Sources */,
				42CDB17EA06B6D1887269773 /* ContentFilter.swift in Sources */,
				EA7138C345A9935AE3882673 /* FantasyUnlockSheet.swift in Sources */,
				7F0D1F38F4E65D9A4B7AAFEA /* GrandChampionWagerView.swift in Sources */,
				1916C87E1763515FF5E7482E /* HapticsService.swift in Sources */,
				4609C5F1947564E8BEDC304A /* HomeView.swift in Sources */,
				90E7E40B1C03ED943919F4FC /* MythicUnlockSheet.swift in Sources */,
				ECCC2E1DC26179A0BE2F48A7 /* OlympusUnlockSheet.swift in Sources */,
				84E3F6545561E882A9C62C22 /* PixelExplosion.swift in Sources */,
				639E6B854CA6C211629FA95A /* PixelText.swift in Sources */,
				202A81999D767D7ADA92A443 /* PreBattleSheet.swift in Sources */,
				13C57AA65EFBBA00384FB41B /* PrehistoricUnlockSheet.swift in Sources */,
				F27C3D38A86DC144F1049B53 /* RetroButton.swift in Sources */,
				CC0D80C996C7BACF9AD59233 /* RoundResultsView.swift in Sources */,
				5F8FF2B4A10DCF0FD24E0CDA /* RoundWagerView.swift in Sources */,
				D6B53D1CF86AE200A36FE295 /* SettingsView.swift in Sources */,
				EA95C751576218056BE6231F /* SpeechService.swift in Sources */,
				90CA5DFD07841367DB32FC06 /* StoreKitManager.swift in Sources */,
				5D5EC3140BEEE4E350A366B5 /* Theme.swift in Sources */,
				6BCF375579433C9479F179D2 /* Tournament.swift in Sources */,
				A157F1511EACCFC605472651 /* TournamentBracketDiagram.swift in Sources */,
				A97D7AB618B1BD8D20050E37 /* TournamentCompleteView.swift in Sources */,
				A188D7D0FF61B755EB83040C /* TournamentCreaturePickerView.swift in Sources */,
				126E4F9135227B7E6C1A131E /* TournamentManager.swift in Sources */,
				9C55C25CB11F55F24396558A /* TournamentRootView.swift in Sources */,
				480C101C872F8567260B0F12 /* TournamentSetupView.swift in Sources */,
				F55A489BAA2D52C57D921D97 /* UserSettings.swift in Sources */,
				0B548A0C47BD3B6B380ED8BB /* WhoWouldWinApp.swift in Sources */,
				AA1111111111111111111111 /* AchievementTracker.swift in Sources */,
				BB1111111111111111111111 /* CloudSyncService.swift in Sources */,
				CC1111111111111111111111 /* GameCenterManager.swift in Sources */,
			);
			runOnlyForDeploymentPostprocessing = 0;
		};
/* End PBXSourcesBuildPhase section */

/* Begin PBXTargetDependency section */
		3425593759DF7FDF16B82839 /* PBXTargetDependency */ = {
			isa = PBXTargetDependency;
			target = 6BF8807AF12B88D17BFD60ED /* WhoWouldWin */;
			targetProxy = 741F3AF7840769943EE0F9C0 /* PBXContainerItemProxy */;
		};
		9506AD62F4D3FB938A690F4F /* PBXTargetDependency */ = {
			isa = PBXTargetDependency;
			target = 6BF8807AF12B88D17BFD60ED /* WhoWouldWin */;
			targetProxy = 8F2ECD862E778BE9617FF8E4 /* PBXContainerItemProxy */;
		};
/* End PBXTargetDependency section */

/* Begin XCBuildConfiguration section */
		12B6D14AB17837F57AE93C5D /* Debug */ = {
			isa = XCBuildConfiguration;
			buildSettings = {
				ASSETCATALOG_COMPILER_APPICON_NAME = AppIcon;
				CODE_SIGN_ENTITLEMENTS = WhoWouldWin/WhoWouldWin.entitlements;
				CODE_SIGN_IDENTITY = "iPhone Developer";
				INFOPLIST_FILE = WhoWouldWin/Info.plist;
				IPHONEOS_DEPLOYMENT_TARGET = 16.0;
				LD_RUNPATH_SEARCH_PATHS = (
					"$(inherited)",
					"@executable_path/Frameworks",
				);
				PRODUCT_BUNDLE_IDENTIFIER = com.whowouldin.WhoWouldWin;
				SDKROOT = iphoneos;
				TARGETED_DEVICE_FAMILY = "1,2";
			};
			name = Debug;
		};
		468ECE62DA39B301EC00752C /* Debug */ = {
			isa = XCBuildConfiguration;
			buildSettings = {
				BUNDLE_LOADER = "$(TEST_HOST)";
				IPHONEOS_DEPLOYMENT_TARGET = 16.0;
				LD_RUNPATH_SEARCH_PATHS = (
					"$(inherited)",
					"@executable_path/Frameworks",
					"@loader_path/Frameworks",
				);
				PRODUCT_BUNDLE_IDENTIFIER = com.whowouldin.WhoWouldWinTests;
				SDKROOT = iphoneos;
				TARGETED_DEVICE_FAMILY = "1,2";
				TEST_HOST = "$(BUILT_PRODUCTS_DIR)/WhoWouldWin.app/WhoWouldWin";
			};
			name = Debug;
		};
		9CF3FCF4E0916DF67C2E8FBC /* Release */ = {
			isa = XCBuildConfiguration;
			buildSettings = {
				BUNDLE_LOADER = "$(TEST_HOST)";
				GENERATE_INFOPLIST_FILE = YES;
				IPHONEOS_DEPLOYMENT_TARGET = 16.0;
				LD_RUNPATH_SEARCH_PATHS = (
					"$(inherited)",
					"@executable_path/Frameworks",
					"@loader_path/Frameworks",
				);
				PRODUCT_BUNDLE_IDENTIFIER = com.whowouldin.WhoWouldWinUITests;
				SDKROOT = iphoneos;
				TARGETED_DEVICE_FAMILY = "1,2";
				TEST_TARGET_NAME = WhoWouldWin;
			};
			name = Release;
		};
		B1D2E73C926A7979238FB914 /* Debug */ = {
			isa = XCBuildConfiguration;
			buildSettings = {
				BUNDLE_LOADER = "$(TEST_HOST)";
				GENERATE_INFOPLIST_FILE = YES;
				IPHONEOS_DEPLOYMENT_TARGET = 16.0;
				LD_RUNPATH_SEARCH_PATHS = (
					"$(inherited)",
					"@executable_path/Frameworks",
					"@loader_path/Frameworks",
				);
				PRODUCT_BUNDLE_IDENTIFIER = com.whowouldin.WhoWouldWinUITests;
				SDKROOT = iphoneos;
				TARGETED_DEVICE_FAMILY = "1,2";
				TEST_TARGET_NAME = WhoWouldWin;
			};
			name = Debug;
		};
		DFA8E5AD153FBAD4002C812B /* Release */ = {
			isa = XCBuildConfiguration;
			buildSettings = {
				ALWAYS_SEARCH_USER_PATHS = NO;
				CLANG_ANALYZER_NONNULL = YES;
				CLANG_ANALYZER_NUMBER_OBJECT_CONVERSION = YES_AGGRESSIVE;
				CLANG_CXX_LANGUAGE_STANDARD = "gnu++14";
				CLANG_CXX_LIBRARY = "libc++";
				CLANG_ENABLE_MODULES = YES;
				CLANG_ENABLE_OBJC_ARC = YES;
				CLANG_ENABLE_OBJC_WEAK = YES;
				CLANG_WARN_BLOCK_CAPTURE_AUTORELEASING = YES;
				CLANG_WARN_BOOL_CONVERSION = YES;
				CLANG_WARN_COMMA = YES;
				CLANG_WARN_CONSTANT_CONVERSION = YES;
				CLANG_WARN_DEPRECATED_OBJC_IMPLEMENTATIONS = YES;
				CLANG_WARN_DIRECT_OBJC_ISA_USAGE = YES_ERROR;
				CLANG_WARN_DOCUMENTATION_COMMENTS = YES;
				CLANG_WARN_EMPTY_BODY = YES;
				CLANG_WARN_ENUM_CONVERSION = YES;
				CLANG_WARN_INFINITE_RECURSION = YES;
				CLANG_WARN_INT_CONVERSION = YES;
				CLANG_WARN_NON_LITERAL_NULL_CONVERSION = YES;
				CLANG_WARN_OBJC_IMPLICIT_RETAIN_SELF = YES;
				CLANG_WARN_OBJC_LITERAL_CONVERSION = YES;
				CLANG_WARN_OBJC_ROOT_CLASS = YES_ERROR;
				CLANG_WARN_QUOTED_INCLUDE_IN_FRAMEWORK_HEADER = YES;
				CLANG_WARN_RANGE_LOOP_ANALYSIS = YES;
				CLANG_WARN_STRICT_PROTOTYPES = YES;
				CLANG_WARN_SUSPICIOUS_MOVE = YES;
				CLANG_WARN_UNGUARDED_AVAILABILITY = YES_AGGRESSIVE;
				CLANG_WARN_UNREACHABLE_CODE = YES;
				CLANG_WARN__DUPLICATE_METHOD_MATCH = YES;
				CODE_SIGN_STYLE = Automatic;
				COPY_PHASE_STRIP = NO;
				DEBUG_INFORMATION_FORMAT = "dwarf-with-dsym";
				DEVELOPMENT_TEAM = 8U69B876XS;
				ENABLE_NS_ASSERTIONS = NO;
				ENABLE_STRICT_OBJC_MSGSEND = YES;
				GCC_C_LANGUAGE_STANDARD = gnu11;
				GCC_NO_COMMON_BLOCKS = YES;
				GCC_WARN_64_TO_32_BIT_CONVERSION = YES;
				GCC_WARN_ABOUT_RETURN_TYPE = YES_ERROR;
				GCC_WARN_UNDECLARED_SELECTOR = YES;
				GCC_WARN_UNINITIALIZED_AUTOS = YES_AGGRESSIVE;
				GCC_WARN_UNUSED_FUNCTION = YES;
				GCC_WARN_UNUSED_VARIABLE = YES;
				IPHONEOS_DEPLOYMENT_TARGET = 16.0;
				MTL_ENABLE_DEBUG_INFO = NO;
				MTL_FAST_MATH = YES;
				PRODUCT_BUNDLE_IDENTIFIER = com.whowouldin.WhoWouldWin;
				PRODUCT_NAME = "$(TARGET_NAME)";
				SDKROOT = iphoneos;
				SWIFT_COMPILATION_MODE = wholemodule;
				SWIFT_OPTIMIZATION_LEVEL = "-O";
				SWIFT_VERSION = 5.9;
				TARGETED_DEVICE_FAMILY = "1,2";
			};
			name = Release;
		};
		E45ADA2138706FE71F71286C /* Release */ = {
			isa = XCBuildConfiguration;
			buildSettings = {
				ASSETCATALOG_COMPILER_APPICON_NAME = AppIcon;
				CODE_SIGN_ENTITLEMENTS = WhoWouldWin/WhoWouldWin.entitlements;
				CODE_SIGN_IDENTITY = "iPhone Developer";
				INFOPLIST_FILE = WhoWouldWin/Info.plist;
				IPHONEOS_DEPLOYMENT_TARGET = 16.0;
				LD_RUNPATH_SEARCH_PATHS = (
					"$(inherited)",
					"@executable_path/Frameworks",
				);
				PRODUCT_BUNDLE_IDENTIFIER = com.whowouldin.WhoWouldWin;
				SDKROOT = iphoneos;
				TARGETED_DEVICE_FAMILY = "1,2";
			};
			name = Release;
		};
		EBE5F33EA2D15EE579C25FB3 /* Release */ = {
			isa = XCBuildConfiguration;
			buildSettings = {
				BUNDLE_LOADER = "$(TEST_HOST)";
				IPHONEOS_DEPLOYMENT_TARGET = 16.0;
				LD_RUNPATH_SEARCH_PATHS = (
					"$(inherited)",
					"@executable_path/Frameworks",
					"@loader_path/Frameworks",
				);
				PRODUCT_BUNDLE_IDENTIFIER = com.whowouldin.WhoWouldWinTests;
				SDKROOT = iphoneos;
				TARGETED_DEVICE_FAMILY = "1,2";
				TEST_HOST = "$(BUILT_PRODUCTS_DIR)/WhoWouldWin.app/WhoWouldWin";
			};
			name = Release;
		};
		EF1E5965038153A05A40E2EB /* Debug */ = {
			isa = XCBuildConfiguration;
			buildSettings = {
				ALWAYS_SEARCH_USER_PATHS = NO;
				CLANG_ANALYZER_NONNULL = YES;
				CLANG_ANALYZER_NUMBER_OBJECT_CONVERSION = YES_AGGRESSIVE;
				CLANG_CXX_LANGUAGE_STANDARD = "gnu++14";
				CLANG_CXX_LIBRARY = "libc++";
				CLANG_ENABLE_MODULES = YES;
				CLANG_ENABLE_OBJC_ARC = YES;
				CLANG_ENABLE_OBJC_WEAK = YES;
				CLANG_WARN_BLOCK_CAPTURE_AUTORELEASING = YES;
				CLANG_WARN_BOOL_CONVERSION = YES;
				CLANG_WARN_COMMA = YES;
				CLANG_WARN_CONSTANT_CONVERSION = YES;
				CLANG_WARN_DEPRECATED_OBJC_IMPLEMENTATIONS = YES;
				CLANG_WARN_DIRECT_OBJC_ISA_USAGE = YES_ERROR;
				CLANG_WARN_DOCUMENTATION_COMMENTS = YES;
				CLANG_WARN_EMPTY_BODY = YES;
				CLANG_WARN_ENUM_CONVERSION = YES;
				CLANG_WARN_INFINITE_RECURSION = YES;
				CLANG_WARN_INT_CONVERSION = YES;
				CLANG_WARN_NON_LITERAL_NULL_CONVERSION = YES;
				CLANG_WARN_OBJC_IMPLICIT_RETAIN_SELF = YES;
				CLANG_WARN_OBJC_LITERAL_CONVERSION = YES;
				CLANG_WARN_OBJC_ROOT_CLASS = YES_ERROR;
				CLANG_WARN_QUOTED_INCLUDE_IN_FRAMEWORK_HEADER = YES;
				CLANG_WARN_RANGE_LOOP_ANALYSIS = YES;
				CLANG_WARN_STRICT_PROTOTYPES = YES;
				CLANG_WARN_SUSPICIOUS_MOVE = YES;
				CLANG_WARN_UNGUARDED_AVAILABILITY = YES_AGGRESSIVE;
				CLANG_WARN_UNREACHABLE_CODE = YES;
				CLANG_WARN__DUPLICATE_METHOD_MATCH = YES;
				CODE_SIGN_STYLE = Automatic;
				COPY_PHASE_STRIP = NO;
				DEBUG_INFORMATION_FORMAT = dwarf;
				DEVELOPMENT_TEAM = 8U69B876XS;
				ENABLE_STRICT_OBJC_MSGSEND = YES;
				ENABLE_TESTABILITY = YES;
				GCC_C_LANGUAGE_STANDARD = gnu11;
				GCC_DYNAMIC_NO_PIC = NO;
				GCC_NO_COMMON_BLOCKS = YES;
				GCC_OPTIMIZATION_LEVEL = 0;
				GCC_PREPROCESSOR_DEFINITIONS = (
					"$(inherited)",
					"DEBUG=1",
				);
				GCC_WARN_64_TO_32_BIT_CONVERSION = YES;
				GCC_WARN_ABOUT_RETURN_TYPE = YES_ERROR;
				GCC_WARN_UNDECLARED_SELECTOR = YES;
				GCC_WARN_UNINITIALIZED_AUTOS = YES_AGGRESSIVE;
				GCC_WARN_UNUSED_FUNCTION = YES;
				GCC_WARN_UNUSED_VARIABLE = YES;
				IPHONEOS_DEPLOYMENT_TARGET = 16.0;
				MTL_ENABLE_DEBUG_INFO = INCLUDE_SOURCE;
				MTL_FAST_MATH = YES;
				ONLY_ACTIVE_ARCH = YES;
				PRODUCT_BUNDLE_IDENTIFIER = com.whowouldin.WhoWouldWin;
				PRODUCT_NAME = "$(TARGET_NAME)";
				SDKROOT = iphoneos;
				SWIFT_ACTIVE_COMPILATION_CONDITIONS = DEBUG;
				SWIFT_OPTIMIZATION_LEVEL = "-Onone";
				SWIFT_VERSION = 5.9;
				TARGETED_DEVICE_FAMILY = "1,2";
			};
			name = Debug;
		};
/* End XCBuildConfiguration section */

/* Begin XCConfigurationList section */
		8539CC7EAC8AED82D8D612EC /* Build configuration list for PBXProject "WhoWouldWin" */ = {
			isa = XCConfigurationList;
			buildConfigurations = (
				EF1E5965038153A05A40E2EB /* Debug */,
				DFA8E5AD153FBAD4002C812B /* Release */,
			);
			defaultConfigurationIsVisible = 0;
			defaultConfigurationName = Debug;
		};
		9E6BCA526B58CA065EBFC7E4 /* Build configuration list for PBXNativeTarget "WhoWouldWinTests" */ = {
			isa = XCConfigurationList;
			buildConfigurations = (
				468ECE62DA39B301EC00752C /* Debug */,
				EBE5F33EA2D15EE579C25FB3 /* Release */,
			);
			defaultConfigurationIsVisible = 0;
			defaultConfigurationName = Debug;
		};
		ACAC99AD0843F7CA2210D2A2 /* Build configuration list for PBXNativeTarget "WhoWouldWin" */ = {
			isa = XCConfigurationList;
			buildConfigurations = (
				12B6D14AB17837F57AE93C5D /* Debug */,
				E45ADA2138706FE71F71286C /* Release */,
			);
			defaultConfigurationIsVisible = 0;
			defaultConfigurationName = Debug;
		};
		CE04BF7A0E172DDCE1BDE972 /* Build configuration list for PBXNativeTarget "WhoWouldWinUITests" */ = {
			isa = XCConfigurationList;
			buildConfigurations = (
				B1D2E73C926A7979238FB914 /* Debug */,
				9CF3FCF4E0916DF67C2E8FBC /* Release */,
			);
			defaultConfigurationIsVisible = 0;
			defaultConfigurationName = Debug;
		};
/* End XCConfigurationList section */

/* Begin XCRemoteSwiftPackageReference section */
		3C95851010CC064012A62DF8 /* XCRemoteSwiftPackageReference "swift-package-manager-google-mobile-ads" */ = {
			isa = XCRemoteSwiftPackageReference;
			repositoryURL = "https://github.com/googleads/swift-package-manager-google-mobile-ads.git";
			requirement = {
				kind = upToNextMajorVersion;
				minimumVersion = 11.13.0;
			};
		};
		8FC5B1E4BB682B338BD9730F /* XCRemoteSwiftPackageReference "swift-package-manager-google-user-messaging-platform" */ = {
			isa = XCRemoteSwiftPackageReference;
			repositoryURL = "https://github.com/googleads/swift-package-manager-google-user-messaging-platform.git";
			requirement = {
				kind = upToNextMajorVersion;
				minimumVersion = 2.7.0;
			};
		};
/* End XCRemoteSwiftPackageReference section */

/* Begin XCSwiftPackageProductDependency section */
		1A53CEEC5B7F0CAA8B2352F6 /* GoogleUserMessagingPlatform */ = {
			isa = XCSwiftPackageProductDependency;
			package = 8FC5B1E4BB682B338BD9730F /* XCRemoteSwiftPackageReference "swift-package-manager-google-user-messaging-platform" */;
			productName = GoogleUserMessagingPlatform;
		};
		7DB517E7E72F13A561F96A1C /* GoogleMobileAds */ = {
			isa = XCSwiftPackageProductDependency;
			package = 3C95851010CC064012A62DF8 /* XCRemoteSwiftPackageReference "swift-package-manager-google-mobile-ads" */;
			productName = GoogleMobileAds;
		};
/* End XCSwiftPackageProductDependency section */
	};
	rootObject = F3453C55BE1162060D93DF4F /* Project object */;
}
